
Microsoft Visual Studio Solution File, Format Version 12.00
# Visual Studio Version 16
VisualStudioVersion = 25.0.1706.9
MinimumVisualStudioVersion = 10.0.40219.1
Project("{FAE04EC0-301F-11D3-BF4B-00C04F79EFBC}") = "CRUD.WebAPI", "CRUD.WebAPI\CRUD.WebAPI.csproj", "{AEAD685C-3261-473D-8D8F-C5432FFD0A07}"
EndProject
Global
	GlobalSection(SolutionConfigurationPlatforms) = preSolution
		Debug|Any CPU = Debug|Any CPU
		Release|Any CPU = Release|Any CPU
	EndGlobalSection
	GlobalSection(ProjectConfigurationPlatforms) = postSolution
		{AEAD685C-3261-473D-8D8F-C5432FFD0A07}.Debug|Any CPU.ActiveCfg = Debug|Any CPU
		{AEAD685C-3261-473D-8D8F-C5432FFD0A07}.Debug|Any CPU.Build.0 = Debug|Any CPU
		{AEAD685C-3261-473D-8D8F-C5432FFD0A07}.Release|Any CPU.ActiveCfg = Release|Any CPU
		{AEAD685C-3261-473D-8D8F-C5432FFD0A07}.Release|Any CPU.Build.0 = Release|Any CPU
	EndGlobalSection
	GlobalSection(SolutionProperties) = preSolution
		HideSolutionNode = FALSE
	EndGlobalSection
	GlobalSection(ExtensibilityGlobals) = postSolution
		SolutionGuid = {B21FC8F2-A1EB-4D17-ACE2-C8CD768A16B8}
	EndGlobalSection
EndGlobal
